
Microsoft Visual Studio Solution File, Format Version 12.00
Project("{FAE04EC0-301F-11D3-BF4B-00C04F79EFBC}") = "C8F2740A.Common.ExecutionStrategies", "C8F2740A.Common.ExecutionStrategies\C8F2740A.Common.ExecutionStrategies.csproj", "{F65EDBBB-A155-49A6-9B50-596947379973}"
EndProject
Global
	GlobalSection(SolutionConfigurationPlatforms) = preSolution
		Debug|Any CPU = Debug|Any CPU
		Release|Any CPU = Release|Any CPU
	EndGlobalSection
	GlobalSection(ProjectConfigurationPlatforms) = postSolution
		{F65EDBBB-A155-49A6-9B50-596947379973}.Debug|Any CPU.ActiveCfg = Debug|Any CPU
		{F65EDBBB-A155-49A6-9B50-596947379973}.Debug|Any CPU.Build.0 = Debug|Any CPU
		{F65EDBBB-A155-49A6-9B50-596947379973}.Release|Any CPU.ActiveCfg = Release|Any CPU
		{F65EDBBB-A155-49A6-9B50-596947379973}.Release|Any CPU.Build.0 = Release|Any CPU
	EndGlobalSection
EndGlobal
