
Microsoft Visual Studio Solution File, Format Version 12.00
Project("{FAE04EC0-301F-11D3-BF4B-00C04F79EFBC}") = "Operator", "Operator\Operator.csproj", "{D570B289-F64A-44B8-84E3-55C5522C93C5}"
EndProject
Project("{FAE04EC0-301F-11D3-BF4B-00C04F79EFBC}") = "C8F2740A.NetworkNode.RAServicePlugin", "C8F2740A.NetworkNode.RAServicePlugin\C8F2740A.NetworkNode.RAServicePlugin.csproj", "{A3E3683F-C358-4AAE-B043-BBFB3B3E42FE}"
EndProject
Project("{FAE04EC0-301F-11D3-BF4B-00C04F79EFBC}") = "C8F2740A.NetworkNode.RemoteApi", "..\RemoteApi\C8F2740A.NetworkNode.RemoteApi\C8F2740A.NetworkNode.RemoteApi.csproj", "{7243BC36-EBD2-4875-A72A-9BF8E9386A68}"
EndProject
Project("{FAE04EC0-301F-11D3-BF4B-00C04F79EFBC}") = "C8F2740A.Networking.ConnectionTCP", "..\ConnectionTCP\C8F2740A.Networking.ConnectionTCP\C8F2740A.Networking.ConnectionTCP.csproj", "{EBB9DA8B-DCCD-4FF0-BFDC-3A666B419D4D}"
EndProject
Project("{FAE04EC0-301F-11D3-BF4B-00C04F79EFBC}") = "SampleService", "SampleService\SampleService.csproj", "{C30404D2-77BA-455C-9C34-A28D22828BC1}"
EndProject
Project("{2150E333-8FDC-42A3-9474-1A3956D46DE8}") = "Dependencies", "Dependencies", "{207CEFED-7463-411A-A47A-677734A3963A}"
EndProject
Global
	GlobalSection(SolutionConfigurationPlatforms) = preSolution
		Debug|Any CPU = Debug|Any CPU
		Release|Any CPU = Release|Any CPU
	EndGlobalSection
	GlobalSection(ProjectConfigurationPlatforms) = postSolution
		{D570B289-F64A-44B8-84E3-55C5522C93C5}.Debug|Any CPU.ActiveCfg = Debug|Any CPU
		{D570B289-F64A-44B8-84E3-55C5522C93C5}.Debug|Any CPU.Build.0 = Debug|Any CPU
		{D570B289-F64A-44B8-84E3-55C5522C93C5}.Release|Any CPU.ActiveCfg = Release|Any CPU
		{D570B289-F64A-44B8-84E3-55C5522C93C5}.Release|Any CPU.Build.0 = Release|Any CPU
		{A3E3683F-C358-4AAE-B043-BBFB3B3E42FE}.Debug|Any CPU.ActiveCfg = Debug|Any CPU
		{A3E3683F-C358-4AAE-B043-BBFB3B3E42FE}.Debug|Any CPU.Build.0 = Debug|Any CPU
		{A3E3683F-C358-4AAE-B043-BBFB3B3E42FE}.Release|Any CPU.ActiveCfg = Release|Any CPU
		{A3E3683F-C358-4AAE-B043-BBFB3B3E42FE}.Release|Any CPU.Build.0 = Release|Any CPU
		{7243BC36-EBD2-4875-A72A-9BF8E9386A68}.Debug|Any CPU.ActiveCfg = Debug|Any CPU
		{7243BC36-EBD2-4875-A72A-9BF8E9386A68}.Debug|Any CPU.Build.0 = Debug|Any CPU
		{7243BC36-EBD2-4875-A72A-9BF8E9386A68}.Release|Any CPU.ActiveCfg = Release|Any CPU
		{7243BC36-EBD2-4875-A72A-9BF8E9386A68}.Release|Any CPU.Build.0 = Release|Any CPU
		{EBB9DA8B-DCCD-4FF0-BFDC-3A666B419D4D}.Debug|Any CPU.ActiveCfg = Debug|Any CPU
		{EBB9DA8B-DCCD-4FF0-BFDC-3A666B419D4D}.Debug|Any CPU.Build.0 = Debug|Any CPU
		{EBB9DA8B-DCCD-4FF0-BFDC-3A666B419D4D}.Release|Any CPU.ActiveCfg = Release|Any CPU
		{EBB9DA8B-DCCD-4FF0-BFDC-3A666B419D4D}.Release|Any CPU.Build.0 = Release|Any CPU
		{C30404D2-77BA-455C-9C34-A28D22828BC1}.Debug|Any CPU.ActiveCfg = Debug|Any CPU
		{C30404D2-77BA-455C-9C34-A28D22828BC1}.Debug|Any CPU.Build.0 = Debug|Any CPU
		{C30404D2-77BA-455C-9C34-A28D22828BC1}.Release|Any CPU.ActiveCfg = Release|Any CPU
		{C30404D2-77BA-455C-9C34-A28D22828BC1}.Release|Any CPU.Build.0 = Release|Any CPU
	EndGlobalSection
	GlobalSection(NestedProjects) = preSolution
		{EBB9DA8B-DCCD-4FF0-BFDC-3A666B419D4D} = {207CEFED-7463-411A-A47A-677734A3963A}
		{A3E3683F-C358-4AAE-B043-BBFB3B3E42FE} = {207CEFED-7463-411A-A47A-677734A3963A}
		{7243BC36-EBD2-4875-A72A-9BF8E9386A68} = {207CEFED-7463-411A-A47A-677734A3963A}
	EndGlobalSection
EndGlobal
