
Microsoft Visual Studio Solution File, Format Version 12.00
Project("{FAE04EC0-301F-11D3-BF4B-00C04F79EFBC}") = "C8F2740A.NetworkNode.SessionTCP", "C8F2740A.NetworkNode.SessionTCP\C8F2740A.NetworkNode.SessionTCP.csproj", "{14956A7F-913E-4CFF-B285-AB7D1BCA0162}"
EndProject
Project("{FAE04EC0-301F-11D3-BF4B-00C04F79EFBC}") = "C8F2740A.Networking.ConnectionTCP", "..\..\ConnectionTCP\C8F2740A.Networking.ConnectionTCP\C8F2740A.Networking.ConnectionTCP.csproj", "{44294F2F-B41E-4BBB-ABC4-219262DB6381}"
EndProject
Project("{FAE04EC0-301F-11D3-BF4B-00C04F79EFBC}") = "C8F2740A.Common.Records", "..\..\Records\C8F2740A.Common.Records\C8F2740A.Common.Records.csproj", "{B466F257-6A4A-41F1-9461-01C2DD5DB51F}"
EndProject
Project("{FAE04EC0-301F-11D3-BF4B-00C04F79EFBC}") = "ConsoleApp1", "ConsoleApp1\ConsoleApp1.csproj", "{3C39D5BF-628D-4950-9813-23B85D266810}"
EndProject
Project("{FAE04EC0-301F-11D3-BF4B-00C04F79EFBC}") = "C8F2740A.NetworkNode.SessionTCPTests", "C8F2740A.NetworkNode.SessionTCPTests\C8F2740A.NetworkNode.SessionTCPTests.csproj", "{187B2521-8221-490D-A046-B080C625E2B7}"
EndProject
Project("{FAE04EC0-301F-11D3-BF4B-00C04F79EFBC}") = "C8F2740A.Common.ExecutionStrategies", "..\..\ExecutionStrategies\C8F2740A.Common.ExecutionStrategies\C8F2740A.Common.ExecutionStrategies.csproj", "{82362442-8700-43B1-AD6A-47D4E1C94FCB}"
EndProject
Global
	GlobalSection(SolutionConfigurationPlatforms) = preSolution
		Debug|Any CPU = Debug|Any CPU
		Release|Any CPU = Release|Any CPU
	EndGlobalSection
	GlobalSection(ProjectConfigurationPlatforms) = postSolution
		{14956A7F-913E-4CFF-B285-AB7D1BCA0162}.Debug|Any CPU.ActiveCfg = Debug|Any CPU
		{14956A7F-913E-4CFF-B285-AB7D1BCA0162}.Debug|Any CPU.Build.0 = Debug|Any CPU
		{14956A7F-913E-4CFF-B285-AB7D1BCA0162}.Release|Any CPU.ActiveCfg = Release|Any CPU
		{14956A7F-913E-4CFF-B285-AB7D1BCA0162}.Release|Any CPU.Build.0 = Release|Any CPU
		{44294F2F-B41E-4BBB-ABC4-219262DB6381}.Debug|Any CPU.ActiveCfg = Debug|Any CPU
		{44294F2F-B41E-4BBB-ABC4-219262DB6381}.Debug|Any CPU.Build.0 = Debug|Any CPU
		{44294F2F-B41E-4BBB-ABC4-219262DB6381}.Release|Any CPU.ActiveCfg = Release|Any CPU
		{44294F2F-B41E-4BBB-ABC4-219262DB6381}.Release|Any CPU.Build.0 = Release|Any CPU
		{B466F257-6A4A-41F1-9461-01C2DD5DB51F}.Debug|Any CPU.ActiveCfg = Debug|Any CPU
		{B466F257-6A4A-41F1-9461-01C2DD5DB51F}.Debug|Any CPU.Build.0 = Debug|Any CPU
		{B466F257-6A4A-41F1-9461-01C2DD5DB51F}.Release|Any CPU.ActiveCfg = Release|Any CPU
		{B466F257-6A4A-41F1-9461-01C2DD5DB51F}.Release|Any CPU.Build.0 = Release|Any CPU
		{3C39D5BF-628D-4950-9813-23B85D266810}.Debug|Any CPU.ActiveCfg = Debug|Any CPU
		{3C39D5BF-628D-4950-9813-23B85D266810}.Debug|Any CPU.Build.0 = Debug|Any CPU
		{3C39D5BF-628D-4950-9813-23B85D266810}.Release|Any CPU.ActiveCfg = Release|Any CPU
		{3C39D5BF-628D-4950-9813-23B85D266810}.Release|Any CPU.Build.0 = Release|Any CPU
		{187B2521-8221-490D-A046-B080C625E2B7}.Debug|Any CPU.ActiveCfg = Debug|Any CPU
		{187B2521-8221-490D-A046-B080C625E2B7}.Debug|Any CPU.Build.0 = Debug|Any CPU
		{187B2521-8221-490D-A046-B080C625E2B7}.Release|Any CPU.ActiveCfg = Release|Any CPU
		{187B2521-8221-490D-A046-B080C625E2B7}.Release|Any CPU.Build.0 = Release|Any CPU
		{82362442-8700-43B1-AD6A-47D4E1C94FCB}.Debug|Any CPU.ActiveCfg = Debug|Any CPU
		{82362442-8700-43B1-AD6A-47D4E1C94FCB}.Debug|Any CPU.Build.0 = Debug|Any CPU
		{82362442-8700-43B1-AD6A-47D4E1C94FCB}.Release|Any CPU.ActiveCfg = Release|Any CPU
		{82362442-8700-43B1-AD6A-47D4E1C94FCB}.Release|Any CPU.Build.0 = Release|Any CPU
	EndGlobalSection
EndGlobal
