
Microsoft Visual Studio Solution File, Format Version 12.00
Project("{FAE04EC0-301F-11D3-BF4B-00C04F79EFBC}") = "C8F2740A.NetworkNode.RemoteApi", "C8F2740A.NetworkNode.RemoteApi\C8F2740A.NetworkNode.RemoteApi.csproj", "{EB824790-4576-4B63-B0FA-E930469E1FA3}"
EndProject
Project("{FAE04EC0-301F-11D3-BF4B-00C04F79EFBC}") = "C8F2740A.NetworkNode.RemoteApiCommands", "C8F2740A.NetworkNode.RemoteApiCommands\C8F2740A.NetworkNode.RemoteApiCommands.csproj", "{174540AD-06AB-4203-96FA-E96D74AED715}"
EndProject
Project("{FAE04EC0-301F-11D3-BF4B-00C04F79EFBC}") = "RemoteApiTests", "RemoteApiTests\RemoteApiTests.csproj", "{381FC182-AF77-4379-B300-6D9A4A940ACD}"
EndProject
Project("{2150E333-8FDC-42A3-9474-1A3956D46DE8}") = "Dependencies", "Dependencies", "{E356AF65-3D92-40D9-AC87-8AABEBD25D0D}"
EndProject
Project("{FAE04EC0-301F-11D3-BF4B-00C04F79EFBC}") = "C8F2740A.Networking.ConnectionTCP", "..\ConnectionTCP\C8F2740A.Networking.ConnectionTCP\C8F2740A.Networking.ConnectionTCP.csproj", "{6678655B-E8D1-4CCC-A3B1-4149ECE4FBBD}"
EndProject
Project("{FAE04EC0-301F-11D3-BF4B-00C04F79EFBC}") = "C8F2740A.Common.Records", "..\Records\C8F2740A.Common.Records\C8F2740A.Common.Records.csproj", "{D5D4FCCB-38A3-446F-985C-A29BBFAA6268}"
EndProject
Project("{FAE04EC0-301F-11D3-BF4B-00C04F79EFBC}") = "C8F2740A.NetworkNode.Commands", "..\NodeCommands\C8F2740A.NetworkNode.Commands.csproj", "{28E9DA22-C074-4D68-B220-A3BCC42D59EB}"
EndProject
Project("{FAE04EC0-301F-11D3-BF4B-00C04F79EFBC}") = "C8F2740A.Common.ExecutionStrategies", "..\ExecutionStrategies\C8F2740A.Common.ExecutionStrategies\C8F2740A.Common.ExecutionStrategies.csproj", "{CF5EC974-FCE7-4D41-8B7D-C76D3465BFED}"
EndProject
Project("{FAE04EC0-301F-11D3-BF4B-00C04F79EFBC}") = "C8F2740A.NetworkNode.SessionProtocol", "..\SessionProtocol\C8F2740A.NetworkNode.SessionProtocol\C8F2740A.NetworkNode.SessionProtocol.csproj", "{A71939CB-39CB-48F5-8B6B-DB34DB61E666}"
EndProject
Project("{FAE04EC0-301F-11D3-BF4B-00C04F79EFBC}") = "C8F2740A.Networking.NetworkExtensions", "..\NetworkExtensions\C8F2740A.Networking.NetworkExtensions\C8F2740A.Networking.NetworkExtensions.csproj", "{E3058388-9ABA-422B-810A-3F9038D7E09C}"
EndProject
Project("{FAE04EC0-301F-11D3-BF4B-00C04F79EFBC}") = "Server2", "Server2\Server2.csproj", "{5D35E56A-3132-4A94-9576-676751383E74}"
EndProject
Project("{FAE04EC0-301F-11D3-BF4B-00C04F79EFBC}") = "Client2", "Client2\Client2.csproj", "{488C2DE4-2FBB-47FD-9AC4-9837B8605488}"
EndProject
Project("{FAE04EC0-301F-11D3-BF4B-00C04F79EFBC}") = "C8F2740A.NetworkNode.RemoteTerminalTracer", "C8F2740A.NetworkNode.RemoteTerminalTracer\C8F2740A.NetworkNode.RemoteTerminalTracer.csproj", "{CD82D207-F49E-4155-B190-54F2384EC4EA}"
EndProject
Project("{FAE04EC0-301F-11D3-BF4B-00C04F79EFBC}") = "C8F2740A.NetworkNode.RemoteApi.Nuget", "C8F2740A.NetworkNode.RemoteApi\C8F2740A.NetworkNode.RemoteApi.Nuget.csproj", "{246A921E-08A6-4124-9C48-B24B3C51DD46}"
EndProject
Project("{FAE04EC0-301F-11D3-BF4B-00C04F79EFBC}") = "C8F2740A.NetworkNode.SessionTCP", "..\SessionProtocol\C8F2740A.NetworkNode.SessionTCP\C8F2740A.NetworkNode.SessionTCP.csproj", "{7C59F6D3-FC8F-4F85-A9E1-97CA439C85CB}"
EndProject
Global
	GlobalSection(SolutionConfigurationPlatforms) = preSolution
		Debug|Any CPU = Debug|Any CPU
		Release|Any CPU = Release|Any CPU
	EndGlobalSection
	GlobalSection(ProjectConfigurationPlatforms) = postSolution
		{EB824790-4576-4B63-B0FA-E930469E1FA3}.Debug|Any CPU.ActiveCfg = Debug|Any CPU
		{EB824790-4576-4B63-B0FA-E930469E1FA3}.Debug|Any CPU.Build.0 = Debug|Any CPU
		{EB824790-4576-4B63-B0FA-E930469E1FA3}.Release|Any CPU.ActiveCfg = Release|Any CPU
		{EB824790-4576-4B63-B0FA-E930469E1FA3}.Release|Any CPU.Build.0 = Release|Any CPU
		{174540AD-06AB-4203-96FA-E96D74AED715}.Debug|Any CPU.ActiveCfg = Debug|Any CPU
		{174540AD-06AB-4203-96FA-E96D74AED715}.Debug|Any CPU.Build.0 = Debug|Any CPU
		{174540AD-06AB-4203-96FA-E96D74AED715}.Release|Any CPU.ActiveCfg = Release|Any CPU
		{174540AD-06AB-4203-96FA-E96D74AED715}.Release|Any CPU.Build.0 = Release|Any CPU
		{381FC182-AF77-4379-B300-6D9A4A940ACD}.Debug|Any CPU.ActiveCfg = Debug|Any CPU
		{381FC182-AF77-4379-B300-6D9A4A940ACD}.Debug|Any CPU.Build.0 = Debug|Any CPU
		{381FC182-AF77-4379-B300-6D9A4A940ACD}.Release|Any CPU.ActiveCfg = Release|Any CPU
		{381FC182-AF77-4379-B300-6D9A4A940ACD}.Release|Any CPU.Build.0 = Release|Any CPU
		{6678655B-E8D1-4CCC-A3B1-4149ECE4FBBD}.Debug|Any CPU.ActiveCfg = Debug|Any CPU
		{6678655B-E8D1-4CCC-A3B1-4149ECE4FBBD}.Debug|Any CPU.Build.0 = Debug|Any CPU
		{6678655B-E8D1-4CCC-A3B1-4149ECE4FBBD}.Release|Any CPU.ActiveCfg = Release|Any CPU
		{6678655B-E8D1-4CCC-A3B1-4149ECE4FBBD}.Release|Any CPU.Build.0 = Release|Any CPU
		{D5D4FCCB-38A3-446F-985C-A29BBFAA6268}.Debug|Any CPU.ActiveCfg = Debug|Any CPU
		{D5D4FCCB-38A3-446F-985C-A29BBFAA6268}.Debug|Any CPU.Build.0 = Debug|Any CPU
		{D5D4FCCB-38A3-446F-985C-A29BBFAA6268}.Release|Any CPU.ActiveCfg = Release|Any CPU
		{D5D4FCCB-38A3-446F-985C-A29BBFAA6268}.Release|Any CPU.Build.0 = Release|Any CPU
		{28E9DA22-C074-4D68-B220-A3BCC42D59EB}.Debug|Any CPU.ActiveCfg = Debug|Any CPU
		{28E9DA22-C074-4D68-B220-A3BCC42D59EB}.Debug|Any CPU.Build.0 = Debug|Any CPU
		{28E9DA22-C074-4D68-B220-A3BCC42D59EB}.Release|Any CPU.ActiveCfg = Release|Any CPU
		{28E9DA22-C074-4D68-B220-A3BCC42D59EB}.Release|Any CPU.Build.0 = Release|Any CPU
		{CF5EC974-FCE7-4D41-8B7D-C76D3465BFED}.Debug|Any CPU.ActiveCfg = Debug|Any CPU
		{CF5EC974-FCE7-4D41-8B7D-C76D3465BFED}.Debug|Any CPU.Build.0 = Debug|Any CPU
		{CF5EC974-FCE7-4D41-8B7D-C76D3465BFED}.Release|Any CPU.ActiveCfg = Release|Any CPU
		{CF5EC974-FCE7-4D41-8B7D-C76D3465BFED}.Release|Any CPU.Build.0 = Release|Any CPU
		{A71939CB-39CB-48F5-8B6B-DB34DB61E666}.Debug|Any CPU.ActiveCfg = Debug|Any CPU
		{A71939CB-39CB-48F5-8B6B-DB34DB61E666}.Debug|Any CPU.Build.0 = Debug|Any CPU
		{A71939CB-39CB-48F5-8B6B-DB34DB61E666}.Release|Any CPU.ActiveCfg = Release|Any CPU
		{A71939CB-39CB-48F5-8B6B-DB34DB61E666}.Release|Any CPU.Build.0 = Release|Any CPU
		{E3058388-9ABA-422B-810A-3F9038D7E09C}.Debug|Any CPU.ActiveCfg = Debug|Any CPU
		{E3058388-9ABA-422B-810A-3F9038D7E09C}.Debug|Any CPU.Build.0 = Debug|Any CPU
		{E3058388-9ABA-422B-810A-3F9038D7E09C}.Release|Any CPU.ActiveCfg = Release|Any CPU
		{E3058388-9ABA-422B-810A-3F9038D7E09C}.Release|Any CPU.Build.0 = Release|Any CPU
		{5D35E56A-3132-4A94-9576-676751383E74}.Debug|Any CPU.ActiveCfg = Debug|Any CPU
		{5D35E56A-3132-4A94-9576-676751383E74}.Debug|Any CPU.Build.0 = Debug|Any CPU
		{5D35E56A-3132-4A94-9576-676751383E74}.Release|Any CPU.ActiveCfg = Release|Any CPU
		{5D35E56A-3132-4A94-9576-676751383E74}.Release|Any CPU.Build.0 = Release|Any CPU
		{488C2DE4-2FBB-47FD-9AC4-9837B8605488}.Debug|Any CPU.ActiveCfg = Debug|Any CPU
		{488C2DE4-2FBB-47FD-9AC4-9837B8605488}.Debug|Any CPU.Build.0 = Debug|Any CPU
		{488C2DE4-2FBB-47FD-9AC4-9837B8605488}.Release|Any CPU.ActiveCfg = Release|Any CPU
		{488C2DE4-2FBB-47FD-9AC4-9837B8605488}.Release|Any CPU.Build.0 = Release|Any CPU
		{CD82D207-F49E-4155-B190-54F2384EC4EA}.Debug|Any CPU.ActiveCfg = Debug|Any CPU
		{CD82D207-F49E-4155-B190-54F2384EC4EA}.Debug|Any CPU.Build.0 = Debug|Any CPU
		{CD82D207-F49E-4155-B190-54F2384EC4EA}.Release|Any CPU.ActiveCfg = Release|Any CPU
		{CD82D207-F49E-4155-B190-54F2384EC4EA}.Release|Any CPU.Build.0 = Release|Any CPU
		{246A921E-08A6-4124-9C48-B24B3C51DD46}.Debug|Any CPU.ActiveCfg = Debug|Any CPU
		{246A921E-08A6-4124-9C48-B24B3C51DD46}.Debug|Any CPU.Build.0 = Debug|Any CPU
		{246A921E-08A6-4124-9C48-B24B3C51DD46}.Release|Any CPU.ActiveCfg = Release|Any CPU
		{246A921E-08A6-4124-9C48-B24B3C51DD46}.Release|Any CPU.Build.0 = Release|Any CPU
		{7C59F6D3-FC8F-4F85-A9E1-97CA439C85CB}.Debug|Any CPU.ActiveCfg = Debug|Any CPU
		{7C59F6D3-FC8F-4F85-A9E1-97CA439C85CB}.Debug|Any CPU.Build.0 = Debug|Any CPU
		{7C59F6D3-FC8F-4F85-A9E1-97CA439C85CB}.Release|Any CPU.ActiveCfg = Release|Any CPU
		{7C59F6D3-FC8F-4F85-A9E1-97CA439C85CB}.Release|Any CPU.Build.0 = Release|Any CPU
	EndGlobalSection
	GlobalSection(NestedProjects) = preSolution
		{6678655B-E8D1-4CCC-A3B1-4149ECE4FBBD} = {E356AF65-3D92-40D9-AC87-8AABEBD25D0D}
		{D5D4FCCB-38A3-446F-985C-A29BBFAA6268} = {E356AF65-3D92-40D9-AC87-8AABEBD25D0D}
		{28E9DA22-C074-4D68-B220-A3BCC42D59EB} = {E356AF65-3D92-40D9-AC87-8AABEBD25D0D}
		{CF5EC974-FCE7-4D41-8B7D-C76D3465BFED} = {E356AF65-3D92-40D9-AC87-8AABEBD25D0D}
		{A71939CB-39CB-48F5-8B6B-DB34DB61E666} = {E356AF65-3D92-40D9-AC87-8AABEBD25D0D}
		{E3058388-9ABA-422B-810A-3F9038D7E09C} = {E356AF65-3D92-40D9-AC87-8AABEBD25D0D}
	EndGlobalSection
EndGlobal
