
Microsoft Visual Studio Solution File, Format Version 12.00
Project("{FAE04EC0-301F-11D3-BF4B-00C04F79EFBC}") = "C8F2740A.NetworkNode.RemoteApi", "C8F2740A.NetworkNode.RemoteApi\C8F2740A.NetworkNode.RemoteApi.csproj", "{EB824790-4576-4B63-B0FA-E930469E1FA3}"
EndProject
Project("{FAE04EC0-301F-11D3-BF4B-00C04F79EFBC}") = "C8F2740A.NetworkNode.RemoteApiTests", "C8F2740A.NetworkNode.RemoteApiTests\C8F2740A.NetworkNode.RemoteApiTests.csproj", "{381FC182-AF77-4379-B300-6D9A4A940ACD}"
EndProject
Project("{2150E333-8FDC-42A3-9474-1A3956D46DE8}") = "Dependencies", "Dependencies", "{E356AF65-3D92-40D9-AC87-8AABEBD25D0D}"
EndProject
Project("{FAE04EC0-301F-11D3-BF4B-00C04F79EFBC}") = "C8F2740A.Networking.ConnectionTCP", "..\ConnectionTCP\C8F2740A.Networking.ConnectionTCP\C8F2740A.Networking.ConnectionTCP.csproj", "{6678655B-E8D1-4CCC-A3B1-4149ECE4FBBD}"
EndProject
Project("{FAE04EC0-301F-11D3-BF4B-00C04F79EFBC}") = "C8F2740A.NetworkNode.RemoteApi.Nuget", "C8F2740A.NetworkNode.RemoteApi\C8F2740A.NetworkNode.RemoteApi.Nuget.csproj", "{3089E3EF-2FCA-4407-83DF-969A8D2D08CC}"
EndProject
Global
	GlobalSection(SolutionConfigurationPlatforms) = preSolution
		Debug|Any CPU = Debug|Any CPU
		Release|Any CPU = Release|Any CPU
	EndGlobalSection
	GlobalSection(ProjectConfigurationPlatforms) = postSolution
		{EB824790-4576-4B63-B0FA-E930469E1FA3}.Debug|Any CPU.ActiveCfg = Debug|Any CPU
		{EB824790-4576-4B63-B0FA-E930469E1FA3}.Debug|Any CPU.Build.0 = Debug|Any CPU
		{EB824790-4576-4B63-B0FA-E930469E1FA3}.Release|Any CPU.ActiveCfg = Release|Any CPU
		{EB824790-4576-4B63-B0FA-E930469E1FA3}.Release|Any CPU.Build.0 = Release|Any CPU
		{381FC182-AF77-4379-B300-6D9A4A940ACD}.Debug|Any CPU.ActiveCfg = Debug|Any CPU
		{381FC182-AF77-4379-B300-6D9A4A940ACD}.Debug|Any CPU.Build.0 = Debug|Any CPU
		{381FC182-AF77-4379-B300-6D9A4A940ACD}.Release|Any CPU.ActiveCfg = Release|Any CPU
		{381FC182-AF77-4379-B300-6D9A4A940ACD}.Release|Any CPU.Build.0 = Release|Any CPU
		{6678655B-E8D1-4CCC-A3B1-4149ECE4FBBD}.Debug|Any CPU.ActiveCfg = Debug|Any CPU
		{6678655B-E8D1-4CCC-A3B1-4149ECE4FBBD}.Debug|Any CPU.Build.0 = Debug|Any CPU
		{6678655B-E8D1-4CCC-A3B1-4149ECE4FBBD}.Release|Any CPU.ActiveCfg = Release|Any CPU
		{6678655B-E8D1-4CCC-A3B1-4149ECE4FBBD}.Release|Any CPU.Build.0 = Release|Any CPU
		{3089E3EF-2FCA-4407-83DF-969A8D2D08CC}.Debug|Any CPU.ActiveCfg = Debug|Any CPU
		{3089E3EF-2FCA-4407-83DF-969A8D2D08CC}.Debug|Any CPU.Build.0 = Debug|Any CPU
		{3089E3EF-2FCA-4407-83DF-969A8D2D08CC}.Release|Any CPU.ActiveCfg = Release|Any CPU
		{3089E3EF-2FCA-4407-83DF-969A8D2D08CC}.Release|Any CPU.Build.0 = Release|Any CPU
	EndGlobalSection
	GlobalSection(NestedProjects) = preSolution
		{6678655B-E8D1-4CCC-A3B1-4149ECE4FBBD} = {E356AF65-3D92-40D9-AC87-8AABEBD25D0D}
	EndGlobalSection
EndGlobal
