
Microsoft Visual Studio Solution File, Format Version 12.00
Project("{FAE04EC0-301F-11D3-BF4B-00C04F79EFBC}") = "C8F2740A.Common.Records", "..\Records\C8F2740A.Common.Records\C8F2740A.Common.Records.csproj", "{42B87774-F6A8-4DAC-918E-7EC61667D3DD}"
EndProject
Project("{FAE04EC0-301F-11D3-BF4B-00C04F79EFBC}") = "C8F2740A.Networking.ConnectionTCP", "..\ConnectionTCP\C8F2740A.Networking.ConnectionTCP\C8F2740A.Networking.ConnectionTCP.csproj", "{64EA07BB-08D4-4266-90AE-58B16C3F8F42}"
EndProject
Project("{FAE04EC0-301F-11D3-BF4B-00C04F79EFBC}") = "C8F2740A.NetworkNode.SessionProtocol", "C8F2740A.NetworkNode.SessionProtocol\C8F2740A.NetworkNode.SessionProtocol.csproj", "{C5A52CDC-E570-4CF9-BF4E-16CB53BB13EA}"
EndProject
Project("{FAE04EC0-301F-11D3-BF4B-00C04F79EFBC}") = "C8F2740A.NetworkNode.Commands", "..\NodeCommands\C8F2740A.NetworkNode.Commands.csproj", "{6D7ABAC0-23C6-453C-ACEE-CFA60A137DC0}"
EndProject
Project("{FAE04EC0-301F-11D3-BF4B-00C04F79EFBC}") = "C8F2740A.Common.ExecutionStrategies", "..\ExecutionStrategies\C8F2740A.Common.ExecutionStrategies\C8F2740A.Common.ExecutionStrategies.csproj", "{58E80519-6CB2-4522-98DB-589CEE59A6B6}"
EndProject
Project("{FAE04EC0-301F-11D3-BF4B-00C04F79EFBC}") = "C8F2740A.NetworkNode.SessionProtocol.Tests", "C8F2740A.NetworkNode.SessionProtocol.Tests\C8F2740A.NetworkNode.SessionProtocol.Tests.csproj", "{3A9D2096-D93D-4481-8B16-A6435838BE90}"
EndProject
Global
	GlobalSection(SolutionConfigurationPlatforms) = preSolution
		Debug|Any CPU = Debug|Any CPU
		Release|Any CPU = Release|Any CPU
	EndGlobalSection
	GlobalSection(ProjectConfigurationPlatforms) = postSolution
		{42B87774-F6A8-4DAC-918E-7EC61667D3DD}.Debug|Any CPU.ActiveCfg = Debug|Any CPU
		{42B87774-F6A8-4DAC-918E-7EC61667D3DD}.Debug|Any CPU.Build.0 = Debug|Any CPU
		{42B87774-F6A8-4DAC-918E-7EC61667D3DD}.Release|Any CPU.ActiveCfg = Release|Any CPU
		{42B87774-F6A8-4DAC-918E-7EC61667D3DD}.Release|Any CPU.Build.0 = Release|Any CPU
		{64EA07BB-08D4-4266-90AE-58B16C3F8F42}.Debug|Any CPU.ActiveCfg = Debug|Any CPU
		{64EA07BB-08D4-4266-90AE-58B16C3F8F42}.Debug|Any CPU.Build.0 = Debug|Any CPU
		{64EA07BB-08D4-4266-90AE-58B16C3F8F42}.Release|Any CPU.ActiveCfg = Release|Any CPU
		{64EA07BB-08D4-4266-90AE-58B16C3F8F42}.Release|Any CPU.Build.0 = Release|Any CPU
		{C5A52CDC-E570-4CF9-BF4E-16CB53BB13EA}.Debug|Any CPU.ActiveCfg = Debug|Any CPU
		{C5A52CDC-E570-4CF9-BF4E-16CB53BB13EA}.Debug|Any CPU.Build.0 = Debug|Any CPU
		{C5A52CDC-E570-4CF9-BF4E-16CB53BB13EA}.Release|Any CPU.ActiveCfg = Release|Any CPU
		{C5A52CDC-E570-4CF9-BF4E-16CB53BB13EA}.Release|Any CPU.Build.0 = Release|Any CPU
		{6D7ABAC0-23C6-453C-ACEE-CFA60A137DC0}.Debug|Any CPU.ActiveCfg = Debug|Any CPU
		{6D7ABAC0-23C6-453C-ACEE-CFA60A137DC0}.Debug|Any CPU.Build.0 = Debug|Any CPU
		{6D7ABAC0-23C6-453C-ACEE-CFA60A137DC0}.Release|Any CPU.ActiveCfg = Release|Any CPU
		{6D7ABAC0-23C6-453C-ACEE-CFA60A137DC0}.Release|Any CPU.Build.0 = Release|Any CPU
		{58E80519-6CB2-4522-98DB-589CEE59A6B6}.Debug|Any CPU.ActiveCfg = Debug|Any CPU
		{58E80519-6CB2-4522-98DB-589CEE59A6B6}.Debug|Any CPU.Build.0 = Debug|Any CPU
		{58E80519-6CB2-4522-98DB-589CEE59A6B6}.Release|Any CPU.ActiveCfg = Release|Any CPU
		{58E80519-6CB2-4522-98DB-589CEE59A6B6}.Release|Any CPU.Build.0 = Release|Any CPU
		{3A9D2096-D93D-4481-8B16-A6435838BE90}.Debug|Any CPU.ActiveCfg = Debug|Any CPU
		{3A9D2096-D93D-4481-8B16-A6435838BE90}.Debug|Any CPU.Build.0 = Debug|Any CPU
		{3A9D2096-D93D-4481-8B16-A6435838BE90}.Release|Any CPU.ActiveCfg = Release|Any CPU
		{3A9D2096-D93D-4481-8B16-A6435838BE90}.Release|Any CPU.Build.0 = Release|Any CPU
	EndGlobalSection
EndGlobal
